<?xml version="1.0" encoding="utf-8"?>
<Project ToolsVersion="4.0" xmlns="http://schemas.microsoft.com/developer/msbuild/2003">
  <ItemGroup>
    <Filter Include="源文件">
      <UniqueIdentifier>{4FC737F1-C7A5-4376-A066-2A32D752A2FF}</UniqueIdentifier>
      <Extensions>cpp;c;cc;cxx;def;odl;idl;hpj;bat;asm;asmx</Extensions>
    </Filter>
    <Filter Include="头文件">
      <UniqueIdentifier>{93995380-89BD-4b04-88EB-625FBE52EBFB}</UniqueIdentifier>
      <Extensions>h;hpp;hxx;hm;inl;inc;xsd</Extensions>
    </Filter>
    <Filter Include="资源文件">
      <UniqueIdentifier>{67DA6AB6-F800-4c08-8B7A-83BB121AAD01}</UniqueIdentifier>
      <Extensions>rc;ico;cur;bmp;dlg;rc2;rct;bin;rgs;gif;jpg;jpeg;jpe;resx;tiff;tif;png;wav;mfcribbon-ms</Extensions>
    </Filter>
    <Filter Include="Shader">
      <UniqueIdentifier>{4995b476-f5f8-4b7f-b3da-1cac158b72f4}</UniqueIdentifier>
    </Filter>
  </ItemGroup>
  <ItemGroup>
    <ClCompile Include="TransformFeedback.cpp">
      <Filter>源文件</Filter>
    </ClCompile>
  </ItemGroup>
  <ItemGroup>
    <None Include="Debug\Shaders\passthrough_vertex.glsl">
      <Filter>Shader</Filter>
    </None>
    <None Include="Debug\Shaders\plane_control.glsl">
      <Filter>Shader</Filter>
    </None>
    <None Include="Debug\Shaders\plane_tessellation.glsl">
      <Filter>Shader</Filter>
    </None>
    <None Include="Debug\Shaders\simple_fragment.glsl">
      <Filter>Shader</Filter>
    </None>
    <None Include="Debug\Shaders\simpleOutput.vert.glsl">
      <Filter>Shader</Filter>
    </None>
    <None Include="Debug\Shaders\simpleTraversal.frag.glsl">
      <Filter>Shader</Filter>
    </None>
    <None Include="Debug\Shaders\simpleTraversal.geom.glsl">
      <Filter>Shader</Filter>
    </None>
    <None Include="Debug\Shaders\simpleTraversal.vert.glsl">
      <Filter>Shader</Filter>
    </None>
    <None Include="Debug\Shaders\sphere_tessellation.glsl">
      <Filter>Shader</Filter>
    </None>
    <None Include="Debug\Shaders\tessteapot.fs.glsl">
      <Filter>Shader</Filter>
    </None>
    <None Include="Debug\Shaders\tessteapot.gs.glsl">
      <Filter>Shader</Filter>
    </None>
    <None Include="Debug\Shaders\tessteapot.tcs.glsl">
      <Filter>Shader</Filter>
    </None>
    <None Include="Debug\Shaders\tessteapot.tes.glsl">
      <Filter>Shader</Filter>
    </None>
    <None Include="Debug\Shaders\tessteapot.vs.glsl">
      <Filter>Shader</Filter>
    </None>
    <None Include="Debug\Shaders\tessteapotdepth.fs">
      <Filter>Shader</Filter>
    </None>
    <None Include="Debug\Shaders\tessteapotdepth.gs">
      <Filter>Shader</Filter>
    </None>
    <None Include="Debug\Shaders\tessteapotdepth.tcs">
      <Filter>Shader</Filter>
    </None>
    <None Include="Debug\Shaders\tessteapotdepth.tes">
      <Filter>Shader</Filter>
    </None>
    <None Include="Debug\Shaders\tessteapotdepth.vs">
      <Filter>Shader</Filter>
    </None>
    <None Include="Debug\Shaders\torus_tessellation.glsl">
      <Filter>Shader</Filter>
    </None>
    <None Include="Debug\Shaders\simpleOutput.frag.glsl">
      <Filter>Shader</Filter>
    </None>
  </ItemGroup>
</Project>