<?xml version="1.0" encoding="utf-8"?>
<Project ToolsVersion="4.0" xmlns="http://schemas.microsoft.com/developer/msbuild/2003">
  <ItemGroup>
    <ClCompile Include="VORApp.cpp" />
    <ClCompile Include="BVH\glmModel.cpp">
      <Filter>BVH</Filter>
    </ClCompile>
    <ClCompile Include="BVH\timer.cpp">
      <Filter>BVH</Filter>
    </ClCompile>
  </ItemGroup>
  <ItemGroup>
    <ClInclude Include="VORAPP.h" />
    <ClInclude Include="CudaFunctions.h" />
    <ClInclude Include="Triangle.h" />
    <ClInclude Include="BVH\bbox.h">
      <Filter>BVH</Filter>
    </ClInclude>
    <ClInclude Include="BVH\Bbox_inline.h">
      <Filter>BVH</Filter>
    </ClInclude>
    <ClInclude Include="BVH\bvh.h">
      <Filter>BVH</Filter>
    </ClInclude>
    <ClInclude Include="BVH\cuda_klbvh.h">
      <Filter>BVH</Filter>
    </ClInclude>
    <ClInclude Include="BVH\cuda_klbvh_inline.h">
      <Filter>BVH</Filter>
    </ClInclude>
    <ClInclude Include="BVH\frustum.h">
      <Filter>BVH</Filter>
    </ClInclude>
    <ClInclude Include="BVH\frustum_inline.h">
      <Filter>BVH</Filter>
    </ClInclude>
    <ClInclude Include="BVH\glmModel.h">
      <Filter>BVH</Filter>
    </ClInclude>
    <ClInclude Include="BVH\MortonCode.h">
      <Filter>BVH</Filter>
    </ClInclude>
    <ClInclude Include="BVH\numbers.h">
      <Filter>BVH</Filter>
    </ClInclude>
    <ClInclude Include="BVH\timer.h">
      <Filter>BVH</Filter>
    </ClInclude>
    <ClInclude Include="BVH\types.h">
      <Filter>BVH</Filter>
    </ClInclude>
    <ClInclude Include="BVH\vector.h">
      <Filter>BVH</Filter>
    </ClInclude>
    <ClInclude Include="BVH\vector_inline.h">
      <Filter>BVH</Filter>
    </ClInclude>
  </ItemGroup>
  <ItemGroup>
    <None Include="..\CommonSampleFiles\scenes\cityIsland.txt">
      <Filter>Scenes</Filter>
    </None>
    <None Include="..\CommonSampleFiles\scenes\cornell.txt">
      <Filter>Scenes</Filter>
    </None>
    <None Include="..\CommonSampleFiles\scenes\nature.txt">
      <Filter>Scenes</Filter>
    </None>
    <None Include="..\CommonSampleFiles\scenes\sponza.txt">
      <Filter>Scenes</Filter>
    </None>
    <None Include="..\CommonSampleFiles\scenes\virObjRef.txt">
      <Filter>Scenes</Filter>
    </None>
    <None Include="..\CommonSampleFiles\scenes\virtualFrustum.txt">
      <Filter>Scenes</Filter>
    </None>
    <None Include="BVH\GpuTimer.cuh">
      <Filter>BVH</Filter>
    </None>
    <None Include="BVH\klbvhKernel.cuh">
      <Filter>BVH</Filter>
    </None>
    <None Include="BVH\cuda_klbvh.cuh">
      <Filter>BVH</Filter>
    </None>
    <None Include="..\CommonSampleFiles\shaders\cull.gs">
      <Filter>Shaders</Filter>
    </None>
    <None Include="..\CommonSampleFiles\shaders\cull.vs">
      <Filter>Shaders</Filter>
    </None>
    <None Include="..\CommonSampleFiles\shaders\gi.frag.glsl">
      <Filter>Shaders</Filter>
    </None>
    <None Include="..\CommonSampleFiles\shaders\gi.vert.glsl">
      <Filter>Shaders</Filter>
    </None>
    <None Include="..\CommonSampleFiles\shaders\giU.vert.glsl">
      <Filter>Shaders</Filter>
    </None>
    <None Include="..\CommonSampleFiles\shaders\giVA.vert.glsl">
      <Filter>Shaders</Filter>
    </None>
    <None Include="..\CommonSampleFiles\shaders\indirect.frag.glsl">
      <Filter>Shaders</Filter>
    </None>
    <None Include="..\CommonSampleFiles\shaders\indirect.vert.glsl">
      <Filter>Shaders</Filter>
    </None>
    <None Include="..\CommonSampleFiles\shaders\mirrorTexture.frag.glsl">
      <Filter>Shaders</Filter>
    </None>
    <None Include="..\CommonSampleFiles\shaders\mirrorTexture.vert.glsl">
      <Filter>Shaders</Filter>
    </None>
    <None Include="..\CommonSampleFiles\shaders\normal.fs">
      <Filter>Shaders</Filter>
    </None>
    <None Include="..\CommonSampleFiles\shaders\normal.vs">
      <Filter>Shaders</Filter>
    </None>
    <None Include="..\CommonSampleFiles\shaders\normalT.fs">
      <Filter>Shaders</Filter>
    </None>
    <None Include="..\CommonSampleFiles\shaders\normalT.vs">
      <Filter>Shaders</Filter>
    </None>
    <None Include="..\CommonSampleFiles\shaders\normalU.fs">
      <Filter>Shaders</Filter>
    </None>
    <None Include="..\CommonSampleFiles\shaders\normalU.vs">
      <Filter>Shaders</Filter>
    </None>
    <None Include="..\CommonSampleFiles\shaders\object.frag.glsl">
      <Filter>Shaders</Filter>
    </None>
    <None Include="..\CommonSampleFiles\shaders\object.vert.glsl">
      <Filter>Shaders</Filter>
    </None>
    <None Include="..\CommonSampleFiles\shaders\simple.frag.glsl">
      <Filter>Shaders</Filter>
    </None>
    <None Include="..\CommonSampleFiles\shaders\simple.vert.glsl">
      <Filter>Shaders</Filter>
    </None>
    <None Include="..\CommonSampleFiles\shaders\stencilBuilding.frag.glsl">
      <Filter>Shaders</Filter>
    </None>
    <None Include="..\CommonSampleFiles\shaders\stencilBuilding.geom.glsl">
      <Filter>Shaders</Filter>
    </None>
    <None Include="..\CommonSampleFiles\shaders\stencilBuilding.vert.glsl">
      <Filter>Shaders</Filter>
    </None>
    <None Include="..\CommonSampleFiles\shaders\stencilBuildingO.frag.glsl">
      <Filter>Shaders</Filter>
    </None>
    <None Include="..\CommonSampleFiles\shaders\stencilBuildingO.vert.glsl">
      <Filter>Shaders</Filter>
    </None>
    <None Include="..\CommonSampleFiles\shaders\test.frag.glsl">
      <Filter>Shaders</Filter>
    </None>
    <None Include="..\CommonSampleFiles\shaders\test.vert.glsl">
      <Filter>Shaders</Filter>
    </None>
    <None Include="..\CommonSampleFiles\shaders\testm.frag.glsl">
      <Filter>Shaders</Filter>
    </None>
    <None Include="..\CommonSampleFiles\shaders\testm.vert.glsl">
      <Filter>Shaders</Filter>
    </None>
    <None Include="..\CommonSampleFiles\shaders\toArray.frag.glsl">
      <Filter>Shaders</Filter>
    </None>
    <None Include="..\CommonSampleFiles\shaders\toArray.geom.glsl">
      <Filter>Shaders</Filter>
    </None>
    <None Include="..\CommonSampleFiles\shaders\toArray.vert.glsl">
      <Filter>Shaders</Filter>
    </None>
    <None Include="..\CommonSampleFiles\shaders\vor.vert.glsl">
      <Filter>Shaders</Filter>
    </None>
    <None Include="..\CommonSampleFiles\shaders\vor.frag.glsl">
      <Filter>Shaders</Filter>
    </None>
  </ItemGroup>
  <ItemGroup>
    <CudaCompile Include="kernel.cu" />
    <CudaCompile Include="CudaFuntions.cu" />
    <CudaCompile Include="BVH\cuda_klbvh_test.cu">
      <Filter>BVH</Filter>
    </CudaCompile>
  </ItemGroup>
  <ItemGroup>
    <Filter Include="Scenes">
      <UniqueIdentifier>{d4adbbdb-62d5-4fdf-bcd0-5e249e856d29}</UniqueIdentifier>
    </Filter>
    <Filter Include="BVH">
      <UniqueIdentifier>{1223bbc1-88da-4ba7-82c4-f3b7f9044d6c}</UniqueIdentifier>
    </Filter>
    <Filter Include="Shaders">
      <UniqueIdentifier>{4788429b-9b2b-494c-a8db-13acedd3f67b}</UniqueIdentifier>
    </Filter>
  </ItemGroup>
</Project>